{
  "name": "test",
  "lockfileVersion": 2,
  "requires": true,
  "packages": {
    "": {
      "dependencies": {
        "pareto-core-lib": "^0.12.0"
      }
    },
    "node_modules/pareto-core-internals": {
      "version": "0.6.0",
      "resolved": "https://registry.npmjs.org/pareto-core-internals/-/pareto-core-internals-0.6.0.tgz",
      "integrity": "sha512-ZXHa+PC5n7Ij/ASupX9erNo0ToHzDarv7AMTLfryB/l8YN49W8ZcHqFp6AFayiamtdBEf6nOy24A4OwmPRCkaA==",
      "dependencies": {
        "pareto-core-types": "^0.5.0"
      }
    },
    "node_modules/pareto-core-lib": {
      "version": "0.12.0",
      "resolved": "https://registry.npmjs.org/pareto-core-lib/-/pareto-core-lib-0.12.0.tgz",
      "integrity": "sha512-t8aAPpP0NadPa4umSeZRA/auwQGy+9vn5ez0VUT65m9ZQTuSSJzy2Mg2L8++vZ2VmtfHA3ssLbCYcbWsoJNdcw==",
      "dependencies": {
        "pareto-core-internals": "^0.6.0"
      }
    },
    "node_modules/pareto-core-types": {
      "version": "0.5.0",
      "resolved": "https://registry.npmjs.org/pareto-core-types/-/pareto-core-types-0.5.0.tgz",
      "integrity": "sha512-RgJ5V2Eg/E8wUtlXL0T+0oywXRubtBChdoKfdRctjExtmrU2UeWkIvrncbxe4k+pyMxO3eJ3NQ/58trkW7L+Cg=="
    }
  },
  "dependencies": {
    "pareto-core-internals": {
      "version": "0.6.0",
      "resolved": "https://registry.npmjs.org/pareto-core-internals/-/pareto-core-internals-0.6.0.tgz",
      "integrity": "sha512-ZXHa+PC5n7Ij/ASupX9erNo0ToHzDarv7AMTLfryB/l8YN49W8ZcHqFp6AFayiamtdBEf6nOy24A4OwmPRCkaA==",
      "requires": {
        "pareto-core-types": "^0.5.0"
      }
    },
    "pareto-core-lib": {
      "version": "0.12.0",
      "resolved": "https://registry.npmjs.org/pareto-core-lib/-/pareto-core-lib-0.12.0.tgz",
      "integrity": "sha512-t8aAPpP0NadPa4umSeZRA/auwQGy+9vn5ez0VUT65m9ZQTuSSJzy2Mg2L8++vZ2VmtfHA3ssLbCYcbWsoJNdcw==",
      "requires": {
        "pareto-core-internals": "^0.6.0"
      }
    },
    "pareto-core-types": {
      "version": "0.5.0",
      "resolved": "https://registry.npmjs.org/pareto-core-types/-/pareto-core-types-0.5.0.tgz",
      "integrity": "sha512-RgJ5V2Eg/E8wUtlXL0T+0oywXRubtBChdoKfdRctjExtmrU2UeWkIvrncbxe4k+pyMxO3eJ3NQ/58trkW7L+Cg=="
    }
  }
}
