{
  "name": "pareto-core-state",
  "version": "0.18.0",
  "lockfileVersion": 2,
  "requires": true,
  "packages": {
    "": {
      "name": "pareto-core-state",
      "version": "0.18.0",
      "license": "ISC",
      "dependencies": {
        "pareto-core-internals": "^0.16.0"
      }
    },
    "node_modules/pareto-core-internals": {
      "version": "0.16.0",
      "resolved": "https://registry.npmjs.org/pareto-core-internals/-/pareto-core-internals-0.16.0.tgz",
      "integrity": "sha512-jmlZQfmUpQKKju4mvFTs2ulbUBZ+Dqa8bY8YRNun0ZbhEnUgSSqoENuTprvL16TL4bTAifdDyOM0m51Ngbmjjw==",
      "dependencies": {
        "pareto-core-types": "^0.15.0"
      }
    },
    "node_modules/pareto-core-types": {
      "version": "0.15.0",
      "resolved": "https://registry.npmjs.org/pareto-core-types/-/pareto-core-types-0.15.0.tgz",
      "integrity": "sha512-tCoi3v3ldM8haCziXI5cp3Kvn1nj4DTXhCVw1PlPyAz0zjXx05H0k5OGCOChGmObVdU2rVJKHE90S4wngNNU5Q=="
    }
  },
  "dependencies": {
    "pareto-core-internals": {
      "version": "0.16.0",
      "resolved": "https://registry.npmjs.org/pareto-core-internals/-/pareto-core-internals-0.16.0.tgz",
      "integrity": "sha512-jmlZQfmUpQKKju4mvFTs2ulbUBZ+Dqa8bY8YRNun0ZbhEnUgSSqoENuTprvL16TL4bTAifdDyOM0m51Ngbmjjw==",
      "requires": {
        "pareto-core-types": "^0.15.0"
      }
    },
    "pareto-core-types": {
      "version": "0.15.0",
      "resolved": "https://registry.npmjs.org/pareto-core-types/-/pareto-core-types-0.15.0.tgz",
      "integrity": "sha512-tCoi3v3ldM8haCziXI5cp3Kvn1nj4DTXhCVw1PlPyAz0zjXx05H0k5OGCOChGmObVdU2rVJKHE90S4wngNNU5Q=="
    }
  }
}
